
Microsoft Visual Studio Solution File, Format Version 12.00
# Visual Studio 15
VisualStudioVersion = 15.0.27004.2005
MinimumVisualStudioVersion = 10.0.40219.1
Project("{2150E333-8FDC-42A3-9474-1A3956D46DE8}") = "Api", "Api", "{6D4D04E2-4543-4FC6-ACF0-5E1458ADDB6B}"
EndProject
Project("{9A19103F-16F7-4668-BE54-9A1E7A4F7556}") = "ManageIt.Api", "ManageIt.Api\ManageIt.Api.csproj", "{B91D5ED5-F490-4DAD-8FDA-F8E0B5BC0DEB}"
EndProject
Project("{2150E333-8FDC-42A3-9474-1A3956D46DE8}") = "Application", "Application", "{55BB1BBA-14BA-42A4-83C9-FCF7CD47E126}"
EndProject
Project("{2150E333-8FDC-42A3-9474-1A3956D46DE8}") = "Domain", "Domain", "{9CDD2110-C9E4-4CAF-B486-24ADF4BB58A0}"
EndProject
Project("{2150E333-8FDC-42A3-9474-1A3956D46DE8}") = "Infrastructure", "Infrastructure", "{E20CC400-CBCA-4D9A-A59D-DCC81F60D7F8}"
EndProject
Project("{9A19103F-16F7-4668-BE54-9A1E7A4F7556}") = "ManageIt.Application", "ManageIt.Application\ManageIt.Application.csproj", "{140CDC48-66B5-4775-8CD9-4EB02737662E}"
EndProject
Project("{9A19103F-16F7-4668-BE54-9A1E7A4F7556}") = "ManageIt.Domain", "ManageIt.Domain\ManageIt.Domain.csproj", "{E9F17AE3-8F98-417B-9758-77859559D4CF}"
EndProject
Project("{2150E333-8FDC-42A3-9474-1A3956D46DE8}") = "Data", "Data", "{BFFB4BC8-336F-45AD-9B62-A895B9376B09}"
EndProject
Project("{9A19103F-16F7-4668-BE54-9A1E7A4F7556}") = "ManageIt.Data", "ManageIt.Data\ManageIt.Data.csproj", "{B44D0E90-F65F-475C-BCC9-9F881F185491}"
EndProject
Project("{2150E333-8FDC-42A3-9474-1A3956D46DE8}") = "CrossCutting", "CrossCutting", "{72BFCB52-BE69-4CE1-A68C-F052A3200793}"
EndProject
Project("{9A19103F-16F7-4668-BE54-9A1E7A4F7556}") = "ManageIt.Exceptions", "ManageIt.Exceptions\ManageIt.Exceptions.csproj", "{B8450D98-654C-4953-9922-97D3B9DC0167}"
EndProject
Project("{9A19103F-16F7-4668-BE54-9A1E7A4F7556}") = "ManageIt.Resources", "ManageIt.Resources\ManageIt.Resources.csproj", "{2D939738-4AFD-43D2-855C-CCC7ECA3CC10}"
EndProject
Project("{2150E333-8FDC-42A3-9474-1A3956D46DE8}") = "Service", "Service", "{C1712D70-311E-4403-990A-E2A9CE133139}"
EndProject
Project("{FAE04EC0-301F-11D3-BF4B-00C04F79EFBC}") = "ManageIt.Service", "ManageIt.Service\ManageIt.Service.csproj", "{2C01CB7B-DB00-47AC-8DE3-63EFF5BDBD72}"
EndProject
Project("{FAE04EC0-301F-11D3-BF4B-00C04F79EFBC}") = "ManageIt.Cryptography", "ManageIt.Cryptography\ManageIt.Cryptography.csproj", "{411EE237-F4C9-44FE-8C4E-3E691D477DC6}"
EndProject
Global
	GlobalSection(SolutionConfigurationPlatforms) = preSolution
		Debug|Any CPU = Debug|Any CPU
		Release|Any CPU = Release|Any CPU
	EndGlobalSection
	GlobalSection(ProjectConfigurationPlatforms) = postSolution
		{B91D5ED5-F490-4DAD-8FDA-F8E0B5BC0DEB}.Debug|Any CPU.ActiveCfg = Debug|Any CPU
		{B91D5ED5-F490-4DAD-8FDA-F8E0B5BC0DEB}.Debug|Any CPU.Build.0 = Debug|Any CPU
		{B91D5ED5-F490-4DAD-8FDA-F8E0B5BC0DEB}.Release|Any CPU.ActiveCfg = Release|Any CPU
		{B91D5ED5-F490-4DAD-8FDA-F8E0B5BC0DEB}.Release|Any CPU.Build.0 = Release|Any CPU
		{140CDC48-66B5-4775-8CD9-4EB02737662E}.Debug|Any CPU.ActiveCfg = Debug|Any CPU
		{140CDC48-66B5-4775-8CD9-4EB02737662E}.Debug|Any CPU.Build.0 = Debug|Any CPU
		{140CDC48-66B5-4775-8CD9-4EB02737662E}.Release|Any CPU.ActiveCfg = Release|Any CPU
		{140CDC48-66B5-4775-8CD9-4EB02737662E}.Release|Any CPU.Build.0 = Release|Any CPU
		{E9F17AE3-8F98-417B-9758-77859559D4CF}.Debug|Any CPU.ActiveCfg = Debug|Any CPU
		{E9F17AE3-8F98-417B-9758-77859559D4CF}.Debug|Any CPU.Build.0 = Debug|Any CPU
		{E9F17AE3-8F98-417B-9758-77859559D4CF}.Release|Any CPU.ActiveCfg = Release|Any CPU
		{E9F17AE3-8F98-417B-9758-77859559D4CF}.Release|Any CPU.Build.0 = Release|Any CPU
		{B44D0E90-F65F-475C-BCC9-9F881F185491}.Debug|Any CPU.ActiveCfg = Debug|Any CPU
		{B44D0E90-F65F-475C-BCC9-9F881F185491}.Debug|Any CPU.Build.0 = Debug|Any CPU
		{B44D0E90-F65F-475C-BCC9-9F881F185491}.Release|Any CPU.ActiveCfg = Release|Any CPU
		{B44D0E90-F65F-475C-BCC9-9F881F185491}.Release|Any CPU.Build.0 = Release|Any CPU
		{B8450D98-654C-4953-9922-97D3B9DC0167}.Debug|Any CPU.ActiveCfg = Debug|Any CPU
		{B8450D98-654C-4953-9922-97D3B9DC0167}.Debug|Any CPU.Build.0 = Debug|Any CPU
		{B8450D98-654C-4953-9922-97D3B9DC0167}.Release|Any CPU.ActiveCfg = Release|Any CPU
		{B8450D98-654C-4953-9922-97D3B9DC0167}.Release|Any CPU.Build.0 = Release|Any CPU
		{2D939738-4AFD-43D2-855C-CCC7ECA3CC10}.Debug|Any CPU.ActiveCfg = Debug|Any CPU
		{2D939738-4AFD-43D2-855C-CCC7ECA3CC10}.Debug|Any CPU.Build.0 = Debug|Any CPU
		{2D939738-4AFD-43D2-855C-CCC7ECA3CC10}.Release|Any CPU.ActiveCfg = Release|Any CPU
		{2D939738-4AFD-43D2-855C-CCC7ECA3CC10}.Release|Any CPU.Build.0 = Release|Any CPU
		{2C01CB7B-DB00-47AC-8DE3-63EFF5BDBD72}.Debug|Any CPU.ActiveCfg = Debug|Any CPU
		{2C01CB7B-DB00-47AC-8DE3-63EFF5BDBD72}.Debug|Any CPU.Build.0 = Debug|Any CPU
		{2C01CB7B-DB00-47AC-8DE3-63EFF5BDBD72}.Release|Any CPU.ActiveCfg = Release|Any CPU
		{2C01CB7B-DB00-47AC-8DE3-63EFF5BDBD72}.Release|Any CPU.Build.0 = Release|Any CPU
		{411EE237-F4C9-44FE-8C4E-3E691D477DC6}.Debug|Any CPU.ActiveCfg = Debug|Any CPU
		{411EE237-F4C9-44FE-8C4E-3E691D477DC6}.Debug|Any CPU.Build.0 = Debug|Any CPU
		{411EE237-F4C9-44FE-8C4E-3E691D477DC6}.Release|Any CPU.ActiveCfg = Release|Any CPU
		{411EE237-F4C9-44FE-8C4E-3E691D477DC6}.Release|Any CPU.Build.0 = Release|Any CPU
	EndGlobalSection
	GlobalSection(SolutionProperties) = preSolution
		HideSolutionNode = FALSE
	EndGlobalSection
	GlobalSection(NestedProjects) = preSolution
		{B91D5ED5-F490-4DAD-8FDA-F8E0B5BC0DEB} = {6D4D04E2-4543-4FC6-ACF0-5E1458ADDB6B}
		{140CDC48-66B5-4775-8CD9-4EB02737662E} = {55BB1BBA-14BA-42A4-83C9-FCF7CD47E126}
		{E9F17AE3-8F98-417B-9758-77859559D4CF} = {9CDD2110-C9E4-4CAF-B486-24ADF4BB58A0}
		{BFFB4BC8-336F-45AD-9B62-A895B9376B09} = {E20CC400-CBCA-4D9A-A59D-DCC81F60D7F8}
		{B44D0E90-F65F-475C-BCC9-9F881F185491} = {BFFB4BC8-336F-45AD-9B62-A895B9376B09}
		{72BFCB52-BE69-4CE1-A68C-F052A3200793} = {E20CC400-CBCA-4D9A-A59D-DCC81F60D7F8}
		{B8450D98-654C-4953-9922-97D3B9DC0167} = {72BFCB52-BE69-4CE1-A68C-F052A3200793}
		{2D939738-4AFD-43D2-855C-CCC7ECA3CC10} = {72BFCB52-BE69-4CE1-A68C-F052A3200793}
		{2C01CB7B-DB00-47AC-8DE3-63EFF5BDBD72} = {C1712D70-311E-4403-990A-E2A9CE133139}
		{411EE237-F4C9-44FE-8C4E-3E691D477DC6} = {72BFCB52-BE69-4CE1-A68C-F052A3200793}
	EndGlobalSection
	GlobalSection(ExtensibilityGlobals) = postSolution
		SolutionGuid = {C1D12005-8C88-4DCB-B06E-C78A6C5D6622}
	EndGlobalSection
EndGlobal
